
Microsoft Visual Studio Solution File, Format Version 12.00
# Visual Studio Version 17
VisualStudioVersion = 17.9.34728.123
MinimumVisualStudioVersion = 10.0.40219.1
Project("{9A19103F-16F7-4668-BE54-9A1E7A4F7556}") = "FinalProject", "FinalProject\FinalProject.csproj", "{E8872D10-2BA7-4385-BDB1-D7AAD00EEBB4}"
EndProject
Project("{9A19103F-16F7-4668-BE54-9A1E7A4F7556}") = "Tests", "Tests\Tests.csproj", "{512BF812-216A-48CB-AF36-061CF462396A}"
EndProject
Project("{9A19103F-16F7-4668-BE54-9A1E7A4F7556}") = "FinalProject.API", "FinalProject.API\FinalProject.API.csproj", "{EAB9569B-406D-4D4F-A88B-C93CFDF68637}"
EndProject
Project("{2150E333-8FDC-42A3-9474-1A3956D46DE8}") = "Solution Items", "Solution Items", "{D1560326-0DD1-4B2B-BCB1-33947DB3DD51}"
	ProjectSection(SolutionItems) = preProject
		nuget.config = nuget.config
	EndProjectSection
EndProject
Global
	GlobalSection(SolutionConfigurationPlatforms) = preSolution
		Debug|Any CPU = Debug|Any CPU
		Release|Any CPU = Release|Any CPU
	EndGlobalSection
	GlobalSection(ProjectConfigurationPlatforms) = postSolution
		{E8872D10-2BA7-4385-BDB1-D7AAD00EEBB4}.Debug|Any CPU.ActiveCfg = Debug|Any CPU
		{E8872D10-2BA7-4385-BDB1-D7AAD00EEBB4}.Debug|Any CPU.Build.0 = Debug|Any CPU
		{E8872D10-2BA7-4385-BDB1-D7AAD00EEBB4}.Release|Any CPU.ActiveCfg = Release|Any CPU
		{E8872D10-2BA7-4385-BDB1-D7AAD00EEBB4}.Release|Any CPU.Build.0 = Release|Any CPU
		{512BF812-216A-48CB-AF36-061CF462396A}.Debug|Any CPU.ActiveCfg = Debug|Any CPU
		{512BF812-216A-48CB-AF36-061CF462396A}.Debug|Any CPU.Build.0 = Debug|Any CPU
		{512BF812-216A-48CB-AF36-061CF462396A}.Release|Any CPU.ActiveCfg = Release|Any CPU
		{512BF812-216A-48CB-AF36-061CF462396A}.Release|Any CPU.Build.0 = Release|Any CPU
		{EAB9569B-406D-4D4F-A88B-C93CFDF68637}.Debug|Any CPU.ActiveCfg = Debug|Any CPU
		{EAB9569B-406D-4D4F-A88B-C93CFDF68637}.Debug|Any CPU.Build.0 = Debug|Any CPU
		{EAB9569B-406D-4D4F-A88B-C93CFDF68637}.Release|Any CPU.ActiveCfg = Release|Any CPU
		{EAB9569B-406D-4D4F-A88B-C93CFDF68637}.Release|Any CPU.Build.0 = Release|Any CPU
	EndGlobalSection
	GlobalSection(SolutionProperties) = preSolution
		HideSolutionNode = FALSE
	EndGlobalSection
	GlobalSection(ExtensibilityGlobals) = postSolution
		SolutionGuid = {619DF528-69EA-4A14-B5C2-6FE8C003D84E}
	EndGlobalSection
EndGlobal
